
Microsoft Visual Studio Solution File, Format Version 12.00
# Visual Studio Version 16
VisualStudioVersion = 16.0.33529.622
MinimumVisualStudioVersion = 10.0.40219.1
Project("{FAE04EC0-301F-11D3-BF4B-00C04F79EFBC}") = "Banco", "Banco.csproj", "{E7448092-BA46-40D7-B530-59480601DC30}"
EndProject
Global
	GlobalSection(SolutionConfigurationPlatforms) = preSolution
		Debug|Any CPU = Debug|Any CPU
		Release|Any CPU = Release|Any CPU
	EndGlobalSection
	GlobalSection(ProjectConfigurationPlatforms) = postSolution
		{E7448092-BA46-40D7-B530-59480601DC30}.Debug|Any CPU.ActiveCfg = Debug|Any CPU
		{E7448092-BA46-40D7-B530-59480601DC30}.Debug|Any CPU.Build.0 = Debug|Any CPU
		{E7448092-BA46-40D7-B530-59480601DC30}.Release|Any CPU.ActiveCfg = Release|Any CPU
		{E7448092-BA46-40D7-B530-59480601DC30}.Release|Any CPU.Build.0 = Release|Any CPU
	EndGlobalSection
	GlobalSection(SolutionProperties) = preSolution
		HideSolutionNode = FALSE
	EndGlobalSection
	GlobalSection(ExtensibilityGlobals) = postSolution
		SolutionGuid = {1B32149C-8A2E-4DB8-AE1F-68FD88A92F6A}
	EndGlobalSection
EndGlobal
